
Microsoft Visual Studio Solution File, Format Version 12.00
# Visual Studio Version 17
VisualStudioVersion = 17.11.35222.181
MinimumVisualStudioVersion = 10.0.40219.1
Project("{FAE04EC0-301F-11D3-BF4B-00C04F79EFBC}") = "Delivery.API", "Delivery.API\Delivery.API.csproj", "{98420148-79F4-4F90-A492-E4500358FE29}"
	ProjectSection(ProjectDependencies) = postProject
		{BDE6B9E1-8C53-4887-9545-C21E036042CB} = {BDE6B9E1-8C53-4887-9545-C21E036042CB}
	EndProjectSection
EndProject
Project("{2150E333-8FDC-42A3-9474-1A3956D46DE8}") = "docker", "docker", "{A01C0216-0E26-4C21-A48A-2404C4651AC5}"
	ProjectSection(SolutionItems) = preProject
		docker-compose.yml = docker-compose.yml
	EndProjectSection
EndProject
Project("{FAE04EC0-301F-11D3-BF4B-00C04F79EFBC}") = "Delivery.Domain", "Delivery.Domain\Delivery.Domain.csproj", "{BDE6B9E1-8C53-4887-9545-C21E036042CB}"
EndProject
Project("{FAE04EC0-301F-11D3-BF4B-00C04F79EFBC}") = "Delivery.Notifier", "Delivery.Notifier\Delivery.Notifier.csproj", "{BE5E438F-6473-4BCD-B120-48760698A0A1}"
EndProject
Global
	GlobalSection(SolutionConfigurationPlatforms) = preSolution
		Debug|Any CPU = Debug|Any CPU
		Release|Any CPU = Release|Any CPU
	EndGlobalSection
	GlobalSection(ProjectConfigurationPlatforms) = postSolution
		{98420148-79F4-4F90-A492-E4500358FE29}.Debug|Any CPU.ActiveCfg = Debug|Any CPU
		{98420148-79F4-4F90-A492-E4500358FE29}.Debug|Any CPU.Build.0 = Debug|Any CPU
		{98420148-79F4-4F90-A492-E4500358FE29}.Release|Any CPU.ActiveCfg = Release|Any CPU
		{98420148-79F4-4F90-A492-E4500358FE29}.Release|Any CPU.Build.0 = Release|Any CPU
		{BDE6B9E1-8C53-4887-9545-C21E036042CB}.Debug|Any CPU.ActiveCfg = Debug|Any CPU
		{BDE6B9E1-8C53-4887-9545-C21E036042CB}.Debug|Any CPU.Build.0 = Debug|Any CPU
		{BDE6B9E1-8C53-4887-9545-C21E036042CB}.Release|Any CPU.ActiveCfg = Release|Any CPU
		{BDE6B9E1-8C53-4887-9545-C21E036042CB}.Release|Any CPU.Build.0 = Release|Any CPU
		{BE5E438F-6473-4BCD-B120-48760698A0A1}.Debug|Any CPU.ActiveCfg = Debug|Any CPU
		{BE5E438F-6473-4BCD-B120-48760698A0A1}.Debug|Any CPU.Build.0 = Debug|Any CPU
		{BE5E438F-6473-4BCD-B120-48760698A0A1}.Release|Any CPU.ActiveCfg = Release|Any CPU
		{BE5E438F-6473-4BCD-B120-48760698A0A1}.Release|Any CPU.Build.0 = Release|Any CPU
	EndGlobalSection
	GlobalSection(SolutionProperties) = preSolution
		HideSolutionNode = FALSE
	EndGlobalSection
	GlobalSection(ExtensibilityGlobals) = postSolution
		SolutionGuid = {A796ECC9-8B86-49F1-BCA6-60DAD7B05CAA}
	EndGlobalSection
EndGlobal
